// !$*UTF8*$!
{
	archiveVersion = 1;
	classes = {
	};
	objectVersion = 50;
	objects = {

/* Begin PBXBuildFile section */
		805DFF9023F08CF80080284C /* ViewConfiguration.swift in Sources */ = {isa = PBXBuildFile; fileRef = 805DFF8F23F08CF80080284C /* ViewConfiguration.swift */; };
		805DFF9423F08DDB0080284C /* UIViewController+Extensions.swift in Sources */ = {isa = PBXBuildFile; fileRef = 805DFF9323F08DDB0080284C /* UIViewController+Extensions.swift */; };
		805DFF9723F08E850080284C /* TablesViewController.swift in Sources */ = {isa = PBXBuildFile; fileRef = 805DFF9623F08E850080284C /* TablesViewController.swift */; };
		805DFF9923F08F170080284C /* ItemsViewController.swift in Sources */ = {isa = PBXBuildFile; fileRef = 805DFF9823F08F170080284C /* ItemsViewController.swift */; };
		805DFF9B23F08F240080284C /* NewTableViewController.swift in Sources */ = {isa = PBXBuildFile; fileRef = 805DFF9A23F08F240080284C /* NewTableViewController.swift */; };
		805DFF9E23F091330080284C /* Table.swift in Sources */ = {isa = PBXBuildFile; fileRef = 805DFF9D23F091330080284C /* Table.swift */; };
		805DFFA223F092740080284C /* Item.swift in Sources */ = {isa = PBXBuildFile; fileRef = 805DFFA123F092740080284C /* Item.swift */; };
		805DFFA523F095260080284C /* SheetType.swift in Sources */ = {isa = PBXBuildFile; fileRef = 805DFFA423F095260080284C /* SheetType.swift */; };
		805DFFA723F096940080284C /* PaymentStatus.swift in Sources */ = {isa = PBXBuildFile; fileRef = 805DFFA623F096940080284C /* PaymentStatus.swift */; };
		805DFFAA23F0ABFF0080284C /* TableTableViewCell.swift in Sources */ = {isa = PBXBuildFile; fileRef = 805DFFA923F0ABFF0080284C /* TableTableViewCell.swift */; };
		805DFFAC23F0B3FB0080284C /* UIColor+Extensions.swift in Sources */ = {isa = PBXBuildFile; fileRef = 805DFFAB23F0B3FB0080284C /* UIColor+Extensions.swift */; };
		805DFFAE23F0B8390080284C /* Decimal+Extensions.swift in Sources */ = {isa = PBXBuildFile; fileRef = 805DFFAD23F0B8390080284C /* Decimal+Extensions.swift */; };
		805DFFB323F0D3950080284C /* TotalAmountView.swift in Sources */ = {isa = PBXBuildFile; fileRef = 805DFFB223F0D3950080284C /* TotalAmountView.swift */; };
		805DFFB523F0E7830080284C /* UIDevice+Extensions.swift in Sources */ = {isa = PBXBuildFile; fileRef = 805DFFB423F0E7830080284C /* UIDevice+Extensions.swift */; };
		8087782C23FEE77500D8B9EB /* SheetsViewController.swift in Sources */ = {isa = PBXBuildFile; fileRef = 8087782B23FEE77500D8B9EB /* SheetsViewController.swift */; };
		8087782E23FEEA9A00D8B9EB /* Sheet.swift in Sources */ = {isa = PBXBuildFile; fileRef = 8087782D23FEEA9A00D8B9EB /* Sheet.swift */; };
		8087783223FF18A300D8B9EB /* ItemTableViewCell.swift in Sources */ = {isa = PBXBuildFile; fileRef = 8087783123FF18A300D8B9EB /* ItemTableViewCell.swift */; };
		8087783423FF1B5E00D8B9EB /* SheetTableViewCell.swift in Sources */ = {isa = PBXBuildFile; fileRef = 8087783323FF1B5E00D8B9EB /* SheetTableViewCell.swift */; };
		808B4A4A23F0822B0032147F /* AppDelegate.swift in Sources */ = {isa = PBXBuildFile; fileRef = 808B4A4923F0822B0032147F /* AppDelegate.swift */; };
		808B4A4C23F0822B0032147F /* SceneDelegate.swift in Sources */ = {isa = PBXBuildFile; fileRef = 808B4A4B23F0822B0032147F /* SceneDelegate.swift */; };
		808B4A5323F082320032147F /* Assets.xcassets in Resources */ = {isa = PBXBuildFile; fileRef = 808B4A5223F082320032147F /* Assets.xcassets */; };
		808B4A5623F082320032147F /* LaunchScreen.storyboard in Resources */ = {isa = PBXBuildFile; fileRef = 808B4A5423F082320032147F /* LaunchScreen.storyboard */; };
/* End PBXBuildFile section */

/* Begin PBXFileReference section */
		805DFF8F23F08CF80080284C /* ViewConfiguration.swift */ = {isa = PBXFileReference; lastKnownFileType = sourcecode.swift; path = ViewConfiguration.swift; sourceTree = "<group>"; };
		805DFF9323F08DDB0080284C /* UIViewController+Extensions.swift */ = {isa = PBXFileReference; lastKnownFileType = sourcecode.swift; path = "UIViewController+Extensions.swift"; sourceTree = "<group>"; };
		805DFF9623F08E850080284C /* TablesViewController.swift */ = {isa = PBXFileReference; lastKnownFileType = sourcecode.swift; path = TablesViewController.swift; sourceTree = "<group>"; };
		805DFF9823F08F170080284C /* ItemsViewController.swift */ = {isa = PBXFileReference; lastKnownFileType = sourcecode.swift; path = ItemsViewController.swift; sourceTree = "<group>"; };
		805DFF9A23F08F240080284C /* NewTableViewController.swift */ = {isa = PBXFileReference; lastKnownFileType = sourcecode.swift; path = NewTableViewController.swift; sourceTree = "<group>"; };
		805DFF9D23F091330080284C /* Table.swift */ = {isa = PBXFileReference; lastKnownFileType = sourcecode.swift; path = Table.swift; sourceTree = "<group>"; };
		805DFFA123F092740080284C /* Item.swift */ = {isa = PBXFileReference; lastKnownFileType = sourcecode.swift; path = Item.swift; sourceTree = "<group>"; };
		805DFFA423F095260080284C /* SheetType.swift */ = {isa = PBXFileReference; lastKnownFileType = sourcecode.swift; path = SheetType.swift; sourceTree = "<group>"; };
		805DFFA623F096940080284C /* PaymentStatus.swift */ = {isa = PBXFileReference; lastKnownFileType = sourcecode.swift; path = PaymentStatus.swift; sourceTree = "<group>"; };
		805DFFA923F0ABFF0080284C /* TableTableViewCell.swift */ = {isa = PBXFileReference; lastKnownFileType = sourcecode.swift; path = TableTableViewCell.swift; sourceTree = "<group>"; };
		805DFFAB23F0B3FB0080284C /* UIColor+Extensions.swift */ = {isa = PBXFileReference; lastKnownFileType = sourcecode.swift; path = "UIColor+Extensions.swift"; sourceTree = "<group>"; };
		805DFFAD23F0B8390080284C /* Decimal+Extensions.swift */ = {isa = PBXFileReference; lastKnownFileType = sourcecode.swift; path = "Decimal+Extensions.swift"; sourceTree = "<group>"; };
		805DFFB223F0D3950080284C /* TotalAmountView.swift */ = {isa = PBXFileReference; lastKnownFileType = sourcecode.swift; path = TotalAmountView.swift; sourceTree = "<group>"; };
		805DFFB423F0E7830080284C /* UIDevice+Extensions.swift */ = {isa = PBXFileReference; lastKnownFileType = sourcecode.swift; path = "UIDevice+Extensions.swift"; sourceTree = "<group>"; };
		8087782B23FEE77500D8B9EB /* SheetsViewController.swift */ = {isa = PBXFileReference; lastKnownFileType = sourcecode.swift; path = SheetsViewController.swift; sourceTree = "<group>"; };
		8087782D23FEEA9A00D8B9EB /* Sheet.swift */ = {isa = PBXFileReference; lastKnownFileType = sourcecode.swift; path = Sheet.swift; sourceTree = "<group>"; };
		8087783123FF18A300D8B9EB /* ItemTableViewCell.swift */ = {isa = PBXFileReference; fileEncoding = 4; lastKnownFileType = sourcecode.swift; path = ItemTableViewCell.swift; sourceTree = "<group>"; };
		8087783323FF1B5E00D8B9EB /* SheetTableViewCell.swift */ = {isa = PBXFileReference; lastKnownFileType = sourcecode.swift; path = SheetTableViewCell.swift; sourceTree = "<group>"; };
		808B4A4623F0822B0032147F /* MaMoney.app */ = {isa = PBXFileReference; explicitFileType = wrapper.application; includeInIndex = 0; path = MaMoney.app; sourceTree = BUILT_PRODUCTS_DIR; };
		808B4A4923F0822B0032147F /* AppDelegate.swift */ = {isa = PBXFileReference; lastKnownFileType = sourcecode.swift; path = AppDelegate.swift; sourceTree = "<group>"; };
		808B4A4B23F0822B0032147F /* SceneDelegate.swift */ = {isa = PBXFileReference; lastKnownFileType = sourcecode.swift; path = SceneDelegate.swift; sourceTree = "<group>"; };
		808B4A5223F082320032147F /* Assets.xcassets */ = {isa = PBXFileReference; lastKnownFileType = folder.assetcatalog; path = Assets.xcassets; sourceTree = "<group>"; };
		808B4A5523F082320032147F /* Base */ = {isa = PBXFileReference; lastKnownFileType = file.storyboard; name = Base; path = Base.lproj/LaunchScreen.storyboard; sourceTree = "<group>"; };
		808B4A5723F082320032147F /* Info.plist */ = {isa = PBXFileReference; lastKnownFileType = text.plist.xml; path = Info.plist; sourceTree = "<group>"; };
/* End PBXFileReference section */

/* Begin PBXFrameworksBuildPhase section */
		808B4A4323F0822B0032147F /* Frameworks */ = {
			isa = PBXFrameworksBuildPhase;
			buildActionMask = 2147483647;
			files = (
			);
			runOnlyForDeploymentPostprocessing = 0;
		};
/* End PBXFrameworksBuildPhase section */

/* Begin PBXGroup section */
		805DFF8B23F08C9A0080284C /* Extensions */ = {
			isa = PBXGroup;
			children = (
				805DFF9323F08DDB0080284C /* UIViewController+Extensions.swift */,
				805DFFAB23F0B3FB0080284C /* UIColor+Extensions.swift */,
				805DFFAD23F0B8390080284C /* Decimal+Extensions.swift */,
				805DFFB423F0E7830080284C /* UIDevice+Extensions.swift */,
			);
			name = Extensions;
			sourceTree = "<group>";
		};
		805DFF8E23F08CCC0080284C /* Protocols */ = {
			isa = PBXGroup;
			children = (
				805DFF8F23F08CF80080284C /* ViewConfiguration.swift */,
			);
			name = Protocols;
			sourceTree = "<group>";
		};
		805DFF9523F08E3B0080284C /* Controllers */ = {
			isa = PBXGroup;
			children = (
				8087782B23FEE77500D8B9EB /* SheetsViewController.swift */,
				805DFF9623F08E850080284C /* TablesViewController.swift */,
				805DFF9823F08F170080284C /* ItemsViewController.swift */,
				805DFF9A23F08F240080284C /* NewTableViewController.swift */,
			);
			name = Controllers;
			sourceTree = "<group>";
		};
		805DFF9C23F090C10080284C /* Models */ = {
			isa = PBXGroup;
			children = (
				8087782D23FEEA9A00D8B9EB /* Sheet.swift */,
				805DFF9D23F091330080284C /* Table.swift */,
				805DFFA123F092740080284C /* Item.swift */,
			);
			name = Models;
			sourceTree = "<group>";
		};
		805DFFA323F095060080284C /* Enums */ = {
			isa = PBXGroup;
			children = (
				805DFFA423F095260080284C /* SheetType.swift */,
				805DFFA623F096940080284C /* PaymentStatus.swift */,
			);
			name = Enums;
			sourceTree = "<group>";
		};
		805DFFA823F0ABD20080284C /* Cells */ = {
			isa = PBXGroup;
			children = (
				8087783323FF1B5E00D8B9EB /* SheetTableViewCell.swift */,
				805DFFA923F0ABFF0080284C /* TableTableViewCell.swift */,
				8087783123FF18A300D8B9EB /* ItemTableViewCell.swift */,
			);
			name = Cells;
			sourceTree = "<group>";
		};
		805DFFB123F0D3720080284C /* Views */ = {
			isa = PBXGroup;
			children = (
				805DFFB223F0D3950080284C /* TotalAmountView.swift */,
			);
			name = Views;
			sourceTree = "<group>";
		};
		808B4A3D23F0822A0032147F = {
			isa = PBXGroup;
			children = (
				808B4A4823F0822B0032147F /* MaMoney */,
				808B4A4723F0822B0032147F /* Products */,
			);
			sourceTree = "<group>";
		};
		808B4A4723F0822B0032147F /* Products */ = {
			isa = PBXGroup;
			children = (
				808B4A4623F0822B0032147F /* MaMoney.app */,
			);
			name = Products;
			sourceTree = "<group>";
		};
		808B4A4823F0822B0032147F /* MaMoney */ = {
			isa = PBXGroup;
			children = (
				808B4A6023F08BF40032147F /* Resources */,
				808B4A5F23F08BEC0032147F /* Common */,
				805DFF9523F08E3B0080284C /* Controllers */,
				805DFFB123F0D3720080284C /* Views */,
				805DFFA823F0ABD20080284C /* Cells */,
				805DFF9C23F090C10080284C /* Models */,
			);
			path = MaMoney;
			sourceTree = "<group>";
		};
		808B4A5F23F08BEC0032147F /* Common */ = {
			isa = PBXGroup;
			children = (
				808B4A4923F0822B0032147F /* AppDelegate.swift */,
				808B4A4B23F0822B0032147F /* SceneDelegate.swift */,
				805DFF8B23F08C9A0080284C /* Extensions */,
				805DFF8E23F08CCC0080284C /* Protocols */,
				805DFFA323F095060080284C /* Enums */,
			);
			name = Common;
			sourceTree = "<group>";
		};
		808B4A6023F08BF40032147F /* Resources */ = {
			isa = PBXGroup;
			children = (
				808B4A5223F082320032147F /* Assets.xcassets */,
				808B4A5423F082320032147F /* LaunchScreen.storyboard */,
				808B4A5723F082320032147F /* Info.plist */,
			);
			name = Resources;
			sourceTree = "<group>";
		};
/* End PBXGroup section */

/* Begin PBXNativeTarget section */
		808B4A4523F0822B0032147F /* MaMoney */ = {
			isa = PBXNativeTarget;
			buildConfigurationList = 808B4A5A23F082320032147F /* Build configuration list for PBXNativeTarget "MaMoney" */;
			buildPhases = (
				808B4A4223F0822B0032147F /* Sources */,
				808B4A4323F0822B0032147F /* Frameworks */,
				808B4A4423F0822B0032147F /* Resources */,
			);
			buildRules = (
			);
			dependencies = (
			);
			name = MaMoney;
			productName = MaMoney;
			productReference = 808B4A4623F0822B0032147F /* MaMoney.app */;
			productType = "com.apple.product-type.application";
		};
/* End PBXNativeTarget section */

/* Begin PBXProject section */
		808B4A3E23F0822A0032147F /* Project object */ = {
			isa = PBXProject;
			attributes = {
				LastSwiftUpdateCheck = 1130;
				LastUpgradeCheck = 1130;
				ORGANIZATIONNAME = "Matheus Pedrosa";
				TargetAttributes = {
					808B4A4523F0822B0032147F = {
						CreatedOnToolsVersion = 11.3;
					};
				};
			};
			buildConfigurationList = 808B4A4123F0822A0032147F /* Build configuration list for PBXProject "MaMoney" */;
			compatibilityVersion = "Xcode 9.3";
			developmentRegion = en;
			hasScannedForEncodings = 0;
			knownRegions = (
				en,
				Base,
			);
			mainGroup = 808B4A3D23F0822A0032147F;
			productRefGroup = 808B4A4723F0822B0032147F /* Products */;
			projectDirPath = "";
			projectRoot = "";
			targets = (
				808B4A4523F0822B0032147F /* MaMoney */,
			);
		};
/* End PBXProject section */

/* Begin PBXResourcesBuildPhase section */
		808B4A4423F0822B0032147F /* Resources */ = {
			isa = PBXResourcesBuildPhase;
			buildActionMask = 2147483647;
			files = (
				808B4A5623F082320032147F /* LaunchScreen.storyboard in Resources */,
				808B4A5323F082320032147F /* Assets.xcassets in Resources */,
			);
			runOnlyForDeploymentPostprocessing = 0;
		};
/* End PBXResourcesBuildPhase section */

/* Begin PBXSourcesBuildPhase section */
		808B4A4223F0822B0032147F /* Sources */ = {
			isa = PBXSourcesBuildPhase;
			buildActionMask = 2147483647;
			files = (
				805DFFA723F096940080284C /* PaymentStatus.swift in Sources */,
				805DFFA223F092740080284C /* Item.swift in Sources */,
				805DFFA523F095260080284C /* SheetType.swift in Sources */,
				8087783423FF1B5E00D8B9EB /* SheetTableViewCell.swift in Sources */,
				805DFF9923F08F170080284C /* ItemsViewController.swift in Sources */,
				8087783223FF18A300D8B9EB /* ItemTableViewCell.swift in Sources */,
				808B4A4A23F0822B0032147F /* AppDelegate.swift in Sources */,
				805DFF9B23F08F240080284C /* NewTableViewController.swift in Sources */,
				805DFF9E23F091330080284C /* Table.swift in Sources */,
				805DFF9723F08E850080284C /* TablesViewController.swift in Sources */,
				805DFFB323F0D3950080284C /* TotalAmountView.swift in Sources */,
				8087782E23FEEA9A00D8B9EB /* Sheet.swift in Sources */,
				8087782C23FEE77500D8B9EB /* SheetsViewController.swift in Sources */,
				805DFFAE23F0B8390080284C /* Decimal+Extensions.swift in Sources */,
				808B4A4C23F0822B0032147F /* SceneDelegate.swift in Sources */,
				805DFFB523F0E7830080284C /* UIDevice+Extensions.swift in Sources */,
				805DFFAA23F0ABFF0080284C /* TableTableViewCell.swift in Sources */,
				805DFFAC23F0B3FB0080284C /* UIColor+Extensions.swift in Sources */,
				805DFF9423F08DDB0080284C /* UIViewController+Extensions.swift in Sources */,
				805DFF9023F08CF80080284C /* ViewConfiguration.swift in Sources */,
			);
			runOnlyForDeploymentPostprocessing = 0;
		};
/* End PBXSourcesBuildPhase section */

/* Begin PBXVariantGroup section */
		808B4A5423F082320032147F /* LaunchScreen.storyboard */ = {
			isa = PBXVariantGroup;
			children = (
				808B4A5523F082320032147F /* Base */,
			);
			name = LaunchScreen.storyboard;
			sourceTree = "<group>";
		};
/* End PBXVariantGroup section */

/* Begin XCBuildConfiguration section */
		808B4A5823F082320032147F /* Debug */ = {
			isa = XCBuildConfiguration;
			buildSettings = {
				ALWAYS_SEARCH_USER_PATHS = NO;
				CLANG_ANALYZER_NONNULL = YES;
				CLANG_ANALYZER_NUMBER_OBJECT_CONVERSION = YES_AGGRESSIVE;
				CLANG_CXX_LANGUAGE_STANDARD = "gnu++14";
				CLANG_CXX_LIBRARY = "libc++";
				CLANG_ENABLE_MODULES = YES;
				CLANG_ENABLE_OBJC_ARC = YES;
				CLANG_ENABLE_OBJC_WEAK = YES;
				CLANG_WARN_BLOCK_CAPTURE_AUTORELEASING = YES;
				CLANG_WARN_BOOL_CONVERSION = YES;
				CLANG_WARN_COMMA = YES;
				CLANG_WARN_CONSTANT_CONVERSION = YES;
				CLANG_WARN_DEPRECATED_OBJC_IMPLEMENTATIONS = YES;
				CLANG_WARN_DIRECT_OBJC_ISA_USAGE = YES_ERROR;
				CLANG_WARN_DOCUMENTATION_COMMENTS = YES;
				CLANG_WARN_EMPTY_BODY = YES;
				CLANG_WARN_ENUM_CONVERSION = YES;
				CLANG_WARN_INFINITE_RECURSION = YES;
				CLANG_WARN_INT_CONVERSION = YES;
				CLANG_WARN_NON_LITERAL_NULL_CONVERSION = YES;
				CLANG_WARN_OBJC_IMPLICIT_RETAIN_SELF = YES;
				CLANG_WARN_OBJC_LITERAL_CONVERSION = YES;
				CLANG_WARN_OBJC_ROOT_CLASS = YES_ERROR;
				CLANG_WARN_RANGE_LOOP_ANALYSIS = YES;
				CLANG_WARN_STRICT_PROTOTYPES = YES;
				CLANG_WARN_SUSPICIOUS_MOVE = YES;
				CLANG_WARN_UNGUARDED_AVAILABILITY = YES_AGGRESSIVE;
				CLANG_WARN_UNREACHABLE_CODE = YES;
				CLANG_WARN__DUPLICATE_METHOD_MATCH = YES;
				COPY_PHASE_STRIP = NO;
				DEBUG_INFORMATION_FORMAT = dwarf;
				ENABLE_STRICT_OBJC_MSGSEND = YES;
				ENABLE_TESTABILITY = YES;
				GCC_C_LANGUAGE_STANDARD = gnu11;
				GCC_DYNAMIC_NO_PIC = NO;
				GCC_NO_COMMON_BLOCKS = YES;
				GCC_OPTIMIZATION_LEVEL = 0;
				GCC_PREPROCESSOR_DEFINITIONS = (
					"DEBUG=1",
					"$(inherited)",
				);
				GCC_WARN_64_TO_32_BIT_CONVERSION = YES;
				GCC_WARN_ABOUT_RETURN_TYPE = YES_ERROR;
				GCC_WARN_UNDECLARED_SELECTOR = YES;
				GCC_WARN_UNINITIALIZED_AUTOS = YES_AGGRESSIVE;
				GCC_WARN_UNUSED_FUNCTION = YES;
				GCC_WARN_UNUSED_VARIABLE = YES;
				IPHONEOS_DEPLOYMENT_TARGET = 13.2;
				MTL_ENABLE_DEBUG_INFO = INCLUDE_SOURCE;
				MTL_FAST_MATH = YES;
				ONLY_ACTIVE_ARCH = YES;
				SDKROOT = iphoneos;
				SWIFT_ACTIVE_COMPILATION_CONDITIONS = DEBUG;
				SWIFT_OPTIMIZATION_LEVEL = "-Onone";
			};
			name = Debug;
		};
		808B4A5923F082320032147F /* Release */ = {
			isa = XCBuildConfiguration;
			buildSettings = {
				ALWAYS_SEARCH_USER_PATHS = NO;
				CLANG_ANALYZER_NONNULL = YES;
				CLANG_ANALYZER_NUMBER_OBJECT_CONVERSION = YES_AGGRESSIVE;
				CLANG_CXX_LANGUAGE_STANDARD = "gnu++14";
				CLANG_CXX_LIBRARY = "libc++";
				CLANG_ENABLE_MODULES = YES;
				CLANG_ENABLE_OBJC_ARC = YES;
				CLANG_ENABLE_OBJC_WEAK = YES;
				CLANG_WARN_BLOCK_CAPTURE_AUTORELEASING = YES;
				CLANG_WARN_BOOL_CONVERSION = YES;
				CLANG_WARN_COMMA = YES;
				CLANG_WARN_CONSTANT_CONVERSION = YES;
				CLANG_WARN_DEPRECATED_OBJC_IMPLEMENTATIONS = YES;
				CLANG_WARN_DIRECT_OBJC_ISA_USAGE = YES_ERROR;
				CLANG_WARN_DOCUMENTATION_COMMENTS = YES;
				CLANG_WARN_EMPTY_BODY = YES;
				CLANG_WARN_ENUM_CONVERSION = YES;
				CLANG_WARN_INFINITE_RECURSION = YES;
				CLANG_WARN_INT_CONVERSION = YES;
				CLANG_WARN_NON_LITERAL_NULL_CONVERSION = YES;
				CLANG_WARN_OBJC_IMPLICIT_RETAIN_SELF = YES;
				CLANG_WARN_OBJC_LITERAL_CONVERSION = YES;
				CLANG_WARN_OBJC_ROOT_CLASS = YES_ERROR;
				CLANG_WARN_RANGE_LOOP_ANALYSIS = YES;
				CLANG_WARN_STRICT_PROTOTYPES = YES;
				CLANG_WARN_SUSPICIOUS_MOVE = YES;
				CLANG_WARN_UNGUARDED_AVAILABILITY = YES_AGGRESSIVE;
				CLANG_WARN_UNREACHABLE_CODE = YES;
				CLANG_WARN__DUPLICATE_METHOD_MATCH = YES;
				COPY_PHASE_STRIP = NO;
				DEBUG_INFORMATION_FORMAT = "dwarf-with-dsym";
				ENABLE_NS_ASSERTIONS = NO;
				ENABLE_STRICT_OBJC_MSGSEND = YES;
				GCC_C_LANGUAGE_STANDARD = gnu11;
				GCC_NO_COMMON_BLOCKS = YES;
				GCC_WARN_64_TO_32_BIT_CONVERSION = YES;
				GCC_WARN_ABOUT_RETURN_TYPE = YES_ERROR;
				GCC_WARN_UNDECLARED_SELECTOR = YES;
				GCC_WARN_UNINITIALIZED_AUTOS = YES_AGGRESSIVE;
				GCC_WARN_UNUSED_FUNCTION = YES;
				GCC_WARN_UNUSED_VARIABLE = YES;
				IPHONEOS_DEPLOYMENT_TARGET = 13.2;
				MTL_ENABLE_DEBUG_INFO = NO;
				MTL_FAST_MATH = YES;
				SDKROOT = iphoneos;
				SWIFT_COMPILATION_MODE = wholemodule;
				SWIFT_OPTIMIZATION_LEVEL = "-O";
				VALIDATE_PRODUCT = YES;
			};
			name = Release;
		};
		808B4A5B23F082320032147F /* Debug */ = {
			isa = XCBuildConfiguration;
			buildSettings = {
				ASSETCATALOG_COMPILER_APPICON_NAME = AppIcon;
				CODE_SIGN_STYLE = Automatic;
				DEVELOPMENT_TEAM = R95CT9ATA8;
				INFOPLIST_FILE = MaMoney/Info.plist;
				LD_RUNPATH_SEARCH_PATHS = (
					"$(inherited)",
					"@executable_path/Frameworks",
				);
				PRODUCT_BUNDLE_IDENTIFIER = m2p.MaMoney;
				PRODUCT_NAME = "$(TARGET_NAME)";
				SWIFT_VERSION = 5.0;
				TARGETED_DEVICE_FAMILY = 1;
			};
			name = Debug;
		};
		808B4A5C23F082320032147F /* Release */ = {
			isa = XCBuildConfiguration;
			buildSettings = {
				ASSETCATALOG_COMPILER_APPICON_NAME = AppIcon;
				CODE_SIGN_STYLE = Automatic;
				DEVELOPMENT_TEAM = R95CT9ATA8;
				INFOPLIST_FILE = MaMoney/Info.plist;
				LD_RUNPATH_SEARCH_PATHS = (
					"$(inherited)",
					"@executable_path/Frameworks",
				);
				PRODUCT_BUNDLE_IDENTIFIER = m2p.MaMoney;
				PRODUCT_NAME = "$(TARGET_NAME)";
				SWIFT_VERSION = 5.0;
				TARGETED_DEVICE_FAMILY = 1;
			};
			name = Release;
		};
/* End XCBuildConfiguration section */

/* Begin XCConfigurationList section */
		808B4A4123F0822A0032147F /* Build configuration list for PBXProject "MaMoney" */ = {
			isa = XCConfigurationList;
			buildConfigurations = (
				808B4A5823F082320032147F /* Debug */,
				808B4A5923F082320032147F /* Release */,
			);
			defaultConfigurationIsVisible = 0;
			defaultConfigurationName = Release;
		};
		808B4A5A23F082320032147F /* Build configuration list for PBXNativeTarget "MaMoney" */ = {
			isa = XCConfigurationList;
			buildConfigurations = (
				808B4A5B23F082320032147F /* Debug */,
				808B4A5C23F082320032147F /* Release */,
			);
			defaultConfigurationIsVisible = 0;
			defaultConfigurationName = Release;
		};
/* End XCConfigurationList section */
	};
	rootObject = 808B4A3E23F0822A0032147F /* Project object */;
}
